
Microsoft Visual Studio Solution File, Format Version 12.00
# Visual Studio Version 17
VisualStudioVersion = 17.2.32516.85
MinimumVisualStudioVersion = 10.0.40219.1
Project("{FAE04EC0-301F-11D3-BF4B-00C04F79EFBC}") = "Pagina1", "Pagina1\Pagina1.csproj", "{6F6FCF33-3EA4-4BEC-A67B-B2144E058724}"
EndProject
Global
	GlobalSection(SolutionConfigurationPlatforms) = preSolution
		Debug|Any CPU = Debug|Any CPU
		Release|Any CPU = Release|Any CPU
	EndGlobalSection
	GlobalSection(ProjectConfigurationPlatforms) = postSolution
		{6F6FCF33-3EA4-4BEC-A67B-B2144E058724}.Debug|Any CPU.ActiveCfg = Debug|Any CPU
		{6F6FCF33-3EA4-4BEC-A67B-B2144E058724}.Debug|Any CPU.Build.0 = Debug|Any CPU
		{6F6FCF33-3EA4-4BEC-A67B-B2144E058724}.Release|Any CPU.ActiveCfg = Release|Any CPU
		{6F6FCF33-3EA4-4BEC-A67B-B2144E058724}.Release|Any CPU.Build.0 = Release|Any CPU
	EndGlobalSection
	GlobalSection(SolutionProperties) = preSolution
		HideSolutionNode = FALSE
	EndGlobalSection
	GlobalSection(ExtensibilityGlobals) = postSolution
		SolutionGuid = {02DCE625-4A30-4C8D-AE54-2C17D9D1FBE9}
	EndGlobalSection
EndGlobal
